// !$*UTF8*$!
{
	archiveVersion = 1;
	classes = {
	};
	objectVersion = 46;
	objects = {

/* Begin PBXBuildFile section */
		EB09E55F1DB65DEB00DDE0FD /* LocationDetailsViewController.swift in Sources */ = {isa = PBXBuildFile; fileRef = EB09E55E1DB65DEB00DDE0FD /* LocationDetailsViewController.swift */; };
		EB2C81751DAC67FA00E0B975 /* AppDelegate.swift in Sources */ = {isa = PBXBuildFile; fileRef = EB2C81741DAC67FA00E0B975 /* AppDelegate.swift */; };
		EB2C81771DAC67FA00E0B975 /* CurrentLocationViewController.swift in Sources */ = {isa = PBXBuildFile; fileRef = EB2C81761DAC67FA00E0B975 /* CurrentLocationViewController.swift */; };
		EB2C81791DAC67FA00E0B975 /* SecondViewController.swift in Sources */ = {isa = PBXBuildFile; fileRef = EB2C81781DAC67FA00E0B975 /* SecondViewController.swift */; };
		EB2C817C1DAC67FA00E0B975 /* Main.storyboard in Resources */ = {isa = PBXBuildFile; fileRef = EB2C817A1DAC67FA00E0B975 /* Main.storyboard */; };
		EB2C817E1DAC67FA00E0B975 /* Assets.xcassets in Resources */ = {isa = PBXBuildFile; fileRef = EB2C817D1DAC67FA00E0B975 /* Assets.xcassets */; };
		EB2C81811DAC67FA00E0B975 /* LaunchScreen.storyboard in Resources */ = {isa = PBXBuildFile; fileRef = EB2C817F1DAC67FA00E0B975 /* LaunchScreen.storyboard */; };
		EB41506E1DB7B97500F2E0FD /* HudView.swift in Sources */ = {isa = PBXBuildFile; fileRef = EB41506D1DB7B97500F2E0FD /* HudView.swift */; };
		EB5E0C831DB699C80086923C /* CategoryPickerViewController.swift in Sources */ = {isa = PBXBuildFile; fileRef = EB5E0C821DB699C70086923C /* CategoryPickerViewController.swift */; };
/* End PBXBuildFile section */

/* Begin PBXFileReference section */
		EB09E55E1DB65DEB00DDE0FD /* LocationDetailsViewController.swift */ = {isa = PBXFileReference; fileEncoding = 4; lastKnownFileType = sourcecode.swift; path = LocationDetailsViewController.swift; sourceTree = "<group>"; };
		EB2C81711DAC67FA00E0B975 /* MyLocations.app */ = {isa = PBXFileReference; explicitFileType = wrapper.application; includeInIndex = 0; path = MyLocations.app; sourceTree = BUILT_PRODUCTS_DIR; };
		EB2C81741DAC67FA00E0B975 /* AppDelegate.swift */ = {isa = PBXFileReference; lastKnownFileType = sourcecode.swift; path = AppDelegate.swift; sourceTree = "<group>"; };
		EB2C81761DAC67FA00E0B975 /* CurrentLocationViewController.swift */ = {isa = PBXFileReference; lastKnownFileType = sourcecode.swift; path = CurrentLocationViewController.swift; sourceTree = "<group>"; };
		EB2C81781DAC67FA00E0B975 /* SecondViewController.swift */ = {isa = PBXFileReference; lastKnownFileType = sourcecode.swift; path = SecondViewController.swift; sourceTree = "<group>"; };
		EB2C817B1DAC67FA00E0B975 /* Base */ = {isa = PBXFileReference; lastKnownFileType = file.storyboard; name = Base; path = Base.lproj/Main.storyboard; sourceTree = "<group>"; };
		EB2C817D1DAC67FA00E0B975 /* Assets.xcassets */ = {isa = PBXFileReference; lastKnownFileType = folder.assetcatalog; path = Assets.xcassets; sourceTree = "<group>"; };
		EB2C81801DAC67FA00E0B975 /* Base */ = {isa = PBXFileReference; lastKnownFileType = file.storyboard; name = Base; path = Base.lproj/LaunchScreen.storyboard; sourceTree = "<group>"; };
		EB2C81821DAC67FA00E0B975 /* Info.plist */ = {isa = PBXFileReference; lastKnownFileType = text.plist.xml; path = Info.plist; sourceTree = "<group>"; };
		EB41506D1DB7B97500F2E0FD /* HudView.swift */ = {isa = PBXFileReference; fileEncoding = 4; lastKnownFileType = sourcecode.swift; path = HudView.swift; sourceTree = "<group>"; };
		EB5E0C821DB699C70086923C /* CategoryPickerViewController.swift */ = {isa = PBXFileReference; fileEncoding = 4; lastKnownFileType = sourcecode.swift; path = CategoryPickerViewController.swift; sourceTree = "<group>"; };
/* End PBXFileReference section */

/* Begin PBXFrameworksBuildPhase section */
		EB2C816E1DAC67F900E0B975 /* Frameworks */ = {
			isa = PBXFrameworksBuildPhase;
			buildActionMask = 2147483647;
			files = (
			);
			runOnlyForDeploymentPostprocessing = 0;
		};
/* End PBXFrameworksBuildPhase section */

/* Begin PBXGroup section */
		EB2C81681DAC67F900E0B975 = {
			isa = PBXGroup;
			children = (
				EB2C81731DAC67FA00E0B975 /* MyLocations */,
				EB2C81721DAC67FA00E0B975 /* Products */,
			);
			sourceTree = "<group>";
		};
		EB2C81721DAC67FA00E0B975 /* Products */ = {
			isa = PBXGroup;
			children = (
				EB2C81711DAC67FA00E0B975 /* MyLocations.app */,
			);
			name = Products;
			sourceTree = "<group>";
		};
		EB2C81731DAC67FA00E0B975 /* MyLocations */ = {
			isa = PBXGroup;
			children = (
				EB2C81741DAC67FA00E0B975 /* AppDelegate.swift */,
				EB2C81761DAC67FA00E0B975 /* CurrentLocationViewController.swift */,
				EB2C81781DAC67FA00E0B975 /* SecondViewController.swift */,
				EB2C817A1DAC67FA00E0B975 /* Main.storyboard */,
				EB2C817D1DAC67FA00E0B975 /* Assets.xcassets */,
				EB2C817F1DAC67FA00E0B975 /* LaunchScreen.storyboard */,
				EB2C81821DAC67FA00E0B975 /* Info.plist */,
				EB09E55E1DB65DEB00DDE0FD /* LocationDetailsViewController.swift */,
				EB5E0C821DB699C70086923C /* CategoryPickerViewController.swift */,
				EB41506D1DB7B97500F2E0FD /* HudView.swift */,
			);
			path = MyLocations;
			sourceTree = "<group>";
		};
/* End PBXGroup section */

/* Begin PBXNativeTarget section */
		EB2C81701DAC67F900E0B975 /* MyLocations */ = {
			isa = PBXNativeTarget;
			buildConfigurationList = EB2C81851DAC67FA00E0B975 /* Build configuration list for PBXNativeTarget "MyLocations" */;
			buildPhases = (
				EB2C816D1DAC67F900E0B975 /* Sources */,
				EB2C816E1DAC67F900E0B975 /* Frameworks */,
				EB2C816F1DAC67F900E0B975 /* Resources */,
			);
			buildRules = (
			);
			dependencies = (
			);
			name = MyLocations;
			productName = MyLocations;
			productReference = EB2C81711DAC67FA00E0B975 /* MyLocations.app */;
			productType = "com.apple.product-type.application";
		};
/* End PBXNativeTarget section */

/* Begin PBXProject section */
		EB2C81691DAC67F900E0B975 /* Project object */ = {
			isa = PBXProject;
			attributes = {
				LastSwiftUpdateCheck = 0800;
				LastUpgradeCheck = 0800;
				ORGANIZATIONNAME = "kickinbahk Productions";
				TargetAttributes = {
					EB2C81701DAC67F900E0B975 = {
						CreatedOnToolsVersion = 8.0;
						DevelopmentTeam = HPWA75Z78H;
						ProvisioningStyle = Automatic;
					};
				};
			};
			buildConfigurationList = EB2C816C1DAC67F900E0B975 /* Build configuration list for PBXProject "MyLocations" */;
			compatibilityVersion = "Xcode 3.2";
			developmentRegion = English;
			hasScannedForEncodings = 0;
			knownRegions = (
				en,
				Base,
			);
			mainGroup = EB2C81681DAC67F900E0B975;
			productRefGroup = EB2C81721DAC67FA00E0B975 /* Products */;
			projectDirPath = "";
			projectRoot = "";
			targets = (
				EB2C81701DAC67F900E0B975 /* MyLocations */,
			);
		};
/* End PBXProject section */

/* Begin PBXResourcesBuildPhase section */
		EB2C816F1DAC67F900E0B975 /* Resources */ = {
			isa = PBXResourcesBuildPhase;
			buildActionMask = 2147483647;
			files = (
				EB2C81811DAC67FA00E0B975 /* LaunchScreen.storyboard in Resources */,
				EB2C817E1DAC67FA00E0B975 /* Assets.xcassets in Resources */,
				EB2C817C1DAC67FA00E0B975 /* Main.storyboard in Resources */,
			);
			runOnlyForDeploymentPostprocessing = 0;
		};
/* End PBXResourcesBuildPhase section */

/* Begin PBXSourcesBuildPhase section */
		EB2C816D1DAC67F900E0B975 /* Sources */ = {
			isa = PBXSourcesBuildPhase;
			buildActionMask = 2147483647;
			files = (
				EB09E55F1DB65DEB00DDE0FD /* LocationDetailsViewController.swift in Sources */,
				EB2C81791DAC67FA00E0B975 /* SecondViewController.swift in Sources */,
				EB41506E1DB7B97500F2E0FD /* HudView.swift in Sources */,
				EB2C81751DAC67FA00E0B975 /* AppDelegate.swift in Sources */,
				EB5E0C831DB699C80086923C /* CategoryPickerViewController.swift in Sources */,
				EB2C81771DAC67FA00E0B975 /* CurrentLocationViewController.swift in Sources */,
			);
			runOnlyForDeploymentPostprocessing = 0;
		};
/* End PBXSourcesBuildPhase section */

/* Begin PBXVariantGroup section */
		EB2C817A1DAC67FA00E0B975 /* Main.storyboard */ = {
			isa = PBXVariantGroup;
			children = (
				EB2C817B1DAC67FA00E0B975 /* Base */,
			);
			name = Main.storyboard;
			sourceTree = "<group>";
		};
		EB2C817F1DAC67FA00E0B975 /* LaunchScreen.storyboard */ = {
			isa = PBXVariantGroup;
			children = (
				EB2C81801DAC67FA00E0B975 /* Base */,
			);
			name = LaunchScreen.storyboard;
			sourceTree = "<group>";
		};
/* End PBXVariantGroup section */

/* Begin XCBuildConfiguration section */
		EB2C81831DAC67FA00E0B975 /* Debug */ = {
			isa = XCBuildConfiguration;
			buildSettings = {
				ALWAYS_SEARCH_USER_PATHS = NO;
				CLANG_ANALYZER_NONNULL = YES;
				CLANG_CXX_LANGUAGE_STANDARD = "gnu++0x";
				CLANG_CXX_LIBRARY = "libc++";
				CLANG_ENABLE_MODULES = YES;
				CLANG_ENABLE_OBJC_ARC = YES;
				CLANG_WARN_BOOL_CONVERSION = YES;
				CLANG_WARN_CONSTANT_CONVERSION = YES;
				CLANG_WARN_DIRECT_OBJC_ISA_USAGE = YES_ERROR;
				CLANG_WARN_DOCUMENTATION_COMMENTS = YES;
				CLANG_WARN_EMPTY_BODY = YES;
				CLANG_WARN_ENUM_CONVERSION = YES;
				CLANG_WARN_INFINITE_RECURSION = YES;
				CLANG_WARN_INT_CONVERSION = YES;
				CLANG_WARN_OBJC_ROOT_CLASS = YES_ERROR;
				CLANG_WARN_SUSPICIOUS_MOVES = YES;
				CLANG_WARN_UNREACHABLE_CODE = YES;
				CLANG_WARN__DUPLICATE_METHOD_MATCH = YES;
				"CODE_SIGN_IDENTITY[sdk=iphoneos*]" = "iPhone Developer";
				COPY_PHASE_STRIP = NO;
				DEBUG_INFORMATION_FORMAT = dwarf;
				ENABLE_STRICT_OBJC_MSGSEND = YES;
				ENABLE_TESTABILITY = YES;
				GCC_C_LANGUAGE_STANDARD = gnu99;
				GCC_DYNAMIC_NO_PIC = NO;
				GCC_NO_COMMON_BLOCKS = YES;
				GCC_OPTIMIZATION_LEVEL = 0;
				GCC_PREPROCESSOR_DEFINITIONS = (
					"DEBUG=1",
					"$(inherited)",
				);
				GCC_WARN_64_TO_32_BIT_CONVERSION = YES;
				GCC_WARN_ABOUT_RETURN_TYPE = YES_ERROR;
				GCC_WARN_UNDECLARED_SELECTOR = YES;
				GCC_WARN_UNINITIALIZED_AUTOS = YES_AGGRESSIVE;
				GCC_WARN_UNUSED_FUNCTION = YES;
				GCC_WARN_UNUSED_VARIABLE = YES;
				IPHONEOS_DEPLOYMENT_TARGET = 10.0;
				MTL_ENABLE_DEBUG_INFO = YES;
				ONLY_ACTIVE_ARCH = YES;
				SDKROOT = iphoneos;
				SWIFT_ACTIVE_COMPILATION_CONDITIONS = DEBUG;
				SWIFT_OPTIMIZATION_LEVEL = "-Onone";
			};
			name = Debug;
		};
		EB2C81841DAC67FA00E0B975 /* Release */ = {
			isa = XCBuildConfiguration;
			buildSettings = {
				ALWAYS_SEARCH_USER_PATHS = NO;
				CLANG_ANALYZER_NONNULL = YES;
				CLANG_CXX_LANGUAGE_STANDARD = "gnu++0x";
				CLANG_CXX_LIBRARY = "libc++";
				CLANG_ENABLE_MODULES = YES;
				CLANG_ENABLE_OBJC_ARC = YES;
				CLANG_WARN_BOOL_CONVERSION = YES;
				CLANG_WARN_CONSTANT_CONVERSION = YES;
				CLANG_WARN_DIRECT_OBJC_ISA_USAGE = YES_ERROR;
				CLANG_WARN_DOCUMENTATION_COMMENTS = YES;
				CLANG_WARN_EMPTY_BODY = YES;
				CLANG_WARN_ENUM_CONVERSION = YES;
				CLANG_WARN_INFINITE_RECURSION = YES;
				CLANG_WARN_INT_CONVERSION = YES;
				CLANG_WARN_OBJC_ROOT_CLASS = YES_ERROR;
				CLANG_WARN_SUSPICIOUS_MOVES = YES;
				CLANG_WARN_UNREACHABLE_CODE = YES;
				CLANG_WARN__DUPLICATE_METHOD_MATCH = YES;
				"CODE_SIGN_IDENTITY[sdk=iphoneos*]" = "iPhone Developer";
				COPY_PHASE_STRIP = NO;
				DEBUG_INFORMATION_FORMAT = "dwarf-with-dsym";
				ENABLE_NS_ASSERTIONS = NO;
				ENABLE_STRICT_OBJC_MSGSEND = YES;
				GCC_C_LANGUAGE_STANDARD = gnu99;
				GCC_NO_COMMON_BLOCKS = YES;
				GCC_WARN_64_TO_32_BIT_CONVERSION = YES;
				GCC_WARN_ABOUT_RETURN_TYPE = YES_ERROR;
				GCC_WARN_UNDECLARED_SELECTOR = YES;
				GCC_WARN_UNINITIALIZED_AUTOS = YES_AGGRESSIVE;
				GCC_WARN_UNUSED_FUNCTION = YES;
				GCC_WARN_UNUSED_VARIABLE = YES;
				IPHONEOS_DEPLOYMENT_TARGET = 10.0;
				MTL_ENABLE_DEBUG_INFO = NO;
				SDKROOT = iphoneos;
				SWIFT_OPTIMIZATION_LEVEL = "-Owholemodule";
				VALIDATE_PRODUCT = YES;
			};
			name = Release;
		};
		EB2C81861DAC67FA00E0B975 /* Debug */ = {
			isa = XCBuildConfiguration;
			buildSettings = {
				ASSETCATALOG_COMPILER_APPICON_NAME = AppIcon;
				DEVELOPMENT_TEAM = HPWA75Z78H;
				INFOPLIST_FILE = MyLocations/Info.plist;
				LD_RUNPATH_SEARCH_PATHS = "$(inherited) @executable_path/Frameworks";
				PRODUCT_BUNDLE_IDENTIFIER = com.kickinbahkproductions.MyLocations;
				PRODUCT_NAME = "$(TARGET_NAME)";
				SWIFT_VERSION = 3.0;
			};
			name = Debug;
		};
		EB2C81871DAC67FA00E0B975 /* Release */ = {
			isa = XCBuildConfiguration;
			buildSettings = {
				ASSETCATALOG_COMPILER_APPICON_NAME = AppIcon;
				DEVELOPMENT_TEAM = HPWA75Z78H;
				INFOPLIST_FILE = MyLocations/Info.plist;
				LD_RUNPATH_SEARCH_PATHS = "$(inherited) @executable_path/Frameworks";
				PRODUCT_BUNDLE_IDENTIFIER = com.kickinbahkproductions.MyLocations;
				PRODUCT_NAME = "$(TARGET_NAME)";
				SWIFT_VERSION = 3.0;
			};
			name = Release;
		};
/* End XCBuildConfiguration section */

/* Begin XCConfigurationList section */
		EB2C816C1DAC67F900E0B975 /* Build configuration list for PBXProject "MyLocations" */ = {
			isa = XCConfigurationList;
			buildConfigurations = (
				EB2C81831DAC67FA00E0B975 /* Debug */,
				EB2C81841DAC67FA00E0B975 /* Release */,
			);
			defaultConfigurationIsVisible = 0;
			defaultConfigurationName = Release;
		};
		EB2C81851DAC67FA00E0B975 /* Build configuration list for PBXNativeTarget "MyLocations" */ = {
			isa = XCConfigurationList;
			buildConfigurations = (
				EB2C81861DAC67FA00E0B975 /* Debug */,
				EB2C81871DAC67FA00E0B975 /* Release */,
			);
			defaultConfigurationIsVisible = 0;
			defaultConfigurationName = Release;
		};
/* End XCConfigurationList section */
	};
	rootObject = EB2C81691DAC67F900E0B975 /* Project object */;
}
